
Microsoft Visual Studio Solution File, Format Version 12.00
# Visual Studio Version 17
VisualStudioVersion = 17.13.35919.96 d17.13
MinimumVisualStudioVersion = 10.0.40219.1
Project("{8BC9CEB8-8B4A-11D0-8D11-00A0C91BC942}") = "UpdatedMS3", "UpdatedMS3\UpdatedMS3.vcxproj", "{32C62239-5EB1-4B6D-9FDE-4ADEA3D88976}"
EndProject
Global
	GlobalSection(SolutionConfigurationPlatforms) = preSolution
		Debug|x64 = Debug|x64
		Debug|x86 = Debug|x86
		Release|x64 = Release|x64
		Release|x86 = Release|x86
	EndGlobalSection
	GlobalSection(ProjectConfigurationPlatforms) = postSolution
		{32C62239-5EB1-4B6D-9FDE-4ADEA3D88976}.Debug|x64.ActiveCfg = Debug|x64
		{32C62239-5EB1-4B6D-9FDE-4ADEA3D88976}.Debug|x64.Build.0 = Debug|x64
		{32C62239-5EB1-4B6D-9FDE-4ADEA3D88976}.Debug|x86.ActiveCfg = Debug|Win32
		{32C62239-5EB1-4B6D-9FDE-4ADEA3D88976}.Debug|x86.Build.0 = Debug|Win32
		{32C62239-5EB1-4B6D-9FDE-4ADEA3D88976}.Release|x64.ActiveCfg = Release|x64
		{32C62239-5EB1-4B6D-9FDE-4ADEA3D88976}.Release|x64.Build.0 = Release|x64
		{32C62239-5EB1-4B6D-9FDE-4ADEA3D88976}.Release|x86.ActiveCfg = Release|Win32
		{32C62239-5EB1-4B6D-9FDE-4ADEA3D88976}.Release|x86.Build.0 = Release|Win32
	EndGlobalSection
	GlobalSection(SolutionProperties) = preSolution
		HideSolutionNode = FALSE
	EndGlobalSection
	GlobalSection(ExtensibilityGlobals) = postSolution
		SolutionGuid = {760308CF-0B4A-4798-AFF4-CC5492D8EB8C}
	EndGlobalSection
EndGlobal
